// !$*UTF8*$!
{
	archiveVersion = 1;
	classes = {
	};
	objectVersion = 56;
	objects = {

/* Begin PBXBuildFile section */
		9A01F3CC29A487400046B455 /* AppDelegate.swift in Sources */ = {isa = PBXBuildFile; fileRef = 9A01F3CB29A487400046B455 /* AppDelegate.swift */; };
		9A01F3D029A487400046B455 /* Contacts.swift in Sources */ = {isa = PBXBuildFile; fileRef = 9A01F3CF29A487400046B455 /* Contacts.swift */; };
		9A01F3D529A487420046B455 /* Assets.xcassets in Resources */ = {isa = PBXBuildFile; fileRef = 9A01F3D429A487420046B455 /* Assets.xcassets */; };
		9A9B9F4B29A48CED001F4DAF /* Cell.swift in Sources */ = {isa = PBXBuildFile; fileRef = 9A9B9F4A29A48CED001F4DAF /* Cell.swift */; };
		9A9B9F4D29A48DBB001F4DAF /* CellData.swift in Sources */ = {isa = PBXBuildFile; fileRef = 9A9B9F4C29A48DBB001F4DAF /* CellData.swift */; };
		9A9B9F4F29A48E3D001F4DAF /* TitleCell.swift in Sources */ = {isa = PBXBuildFile; fileRef = 9A9B9F4E29A48E3D001F4DAF /* TitleCell.swift */; };
		9A9B9F5229A48E6C001F4DAF /* SnapKit in Frameworks */ = {isa = PBXBuildFile; productRef = 9A9B9F5129A48E6C001F4DAF /* SnapKit */; };
		9A9B9F5E29A4A90C001F4DAF /* ContactsDataSource.swift in Sources */ = {isa = PBXBuildFile; fileRef = 9A9B9F5D29A4A90C001F4DAF /* ContactsDataSource.swift */; };
		9A9B9F6129A4AED4001F4DAF /* RxCocoa in Frameworks */ = {isa = PBXBuildFile; productRef = 9A9B9F6029A4AED4001F4DAF /* RxCocoa */; };
		9A9B9F6329A4AED4001F4DAF /* RxRelay in Frameworks */ = {isa = PBXBuildFile; productRef = 9A9B9F6229A4AED4001F4DAF /* RxRelay */; };
		9A9B9F6529A4AED4001F4DAF /* RxSwift in Frameworks */ = {isa = PBXBuildFile; productRef = 9A9B9F6429A4AED4001F4DAF /* RxSwift */; };
/* End PBXBuildFile section */

/* Begin PBXFileReference section */
		9A01F3C829A487400046B455 /* ContactsWithRxSwift.app */ = {isa = PBXFileReference; explicitFileType = wrapper.application; includeInIndex = 0; path = ContactsWithRxSwift.app; sourceTree = BUILT_PRODUCTS_DIR; };
		9A01F3CB29A487400046B455 /* AppDelegate.swift */ = {isa = PBXFileReference; lastKnownFileType = sourcecode.swift; path = AppDelegate.swift; sourceTree = "<group>"; };
		9A01F3CF29A487400046B455 /* Contacts.swift */ = {isa = PBXFileReference; lastKnownFileType = sourcecode.swift; path = Contacts.swift; sourceTree = "<group>"; };
		9A01F3D429A487420046B455 /* Assets.xcassets */ = {isa = PBXFileReference; lastKnownFileType = folder.assetcatalog; path = Assets.xcassets; sourceTree = "<group>"; };
		9A01F3D929A487420046B455 /* Info.plist */ = {isa = PBXFileReference; lastKnownFileType = text.plist.xml; path = Info.plist; sourceTree = "<group>"; };
		9A9B9F4A29A48CED001F4DAF /* Cell.swift */ = {isa = PBXFileReference; lastKnownFileType = sourcecode.swift; path = Cell.swift; sourceTree = "<group>"; };
		9A9B9F4C29A48DBB001F4DAF /* CellData.swift */ = {isa = PBXFileReference; lastKnownFileType = sourcecode.swift; path = CellData.swift; sourceTree = "<group>"; };
		9A9B9F4E29A48E3D001F4DAF /* TitleCell.swift */ = {isa = PBXFileReference; lastKnownFileType = sourcecode.swift; path = TitleCell.swift; sourceTree = "<group>"; };
		9A9B9F5D29A4A90C001F4DAF /* ContactsDataSource.swift */ = {isa = PBXFileReference; lastKnownFileType = sourcecode.swift; path = ContactsDataSource.swift; sourceTree = "<group>"; };
/* End PBXFileReference section */

/* Begin PBXFrameworksBuildPhase section */
		9A01F3C529A487400046B455 /* Frameworks */ = {
			isa = PBXFrameworksBuildPhase;
			buildActionMask = 2147483647;
			files = (
				9A9B9F6329A4AED4001F4DAF /* RxRelay in Frameworks */,
				9A9B9F6129A4AED4001F4DAF /* RxCocoa in Frameworks */,
				9A9B9F6529A4AED4001F4DAF /* RxSwift in Frameworks */,
				9A9B9F5229A48E6C001F4DAF /* SnapKit in Frameworks */,
			);
			runOnlyForDeploymentPostprocessing = 0;
		};
/* End PBXFrameworksBuildPhase section */

/* Begin PBXGroup section */
		9A01F3BF29A487400046B455 = {
			isa = PBXGroup;
			children = (
				9A01F3CA29A487400046B455 /* ContactsWithRxSwift */,
				9A01F3C929A487400046B455 /* Products */,
			);
			sourceTree = "<group>";
		};
		9A01F3C929A487400046B455 /* Products */ = {
			isa = PBXGroup;
			children = (
				9A01F3C829A487400046B455 /* ContactsWithRxSwift.app */,
			);
			name = Products;
			sourceTree = "<group>";
		};
		9A01F3CA29A487400046B455 /* ContactsWithRxSwift */ = {
			isa = PBXGroup;
			children = (
				9A01F3CB29A487400046B455 /* AppDelegate.swift */,
				9A01F3CF29A487400046B455 /* Contacts.swift */,
				9A9B9F5D29A4A90C001F4DAF /* ContactsDataSource.swift */,
				9A9B9F5329A48E8F001F4DAF /* Cell */,
				9A01F3D429A487420046B455 /* Assets.xcassets */,
				9A01F3D929A487420046B455 /* Info.plist */,
			);
			path = ContactsWithRxSwift;
			sourceTree = "<group>";
		};
		9A9B9F5329A48E8F001F4DAF /* Cell */ = {
			isa = PBXGroup;
			children = (
				9A9B9F4C29A48DBB001F4DAF /* CellData.swift */,
				9A9B9F4A29A48CED001F4DAF /* Cell.swift */,
				9A9B9F4E29A48E3D001F4DAF /* TitleCell.swift */,
			);
			path = Cell;
			sourceTree = "<group>";
		};
/* End PBXGroup section */

/* Begin PBXNativeTarget section */
		9A01F3C729A487400046B455 /* ContactsWithRxSwift */ = {
			isa = PBXNativeTarget;
			buildConfigurationList = 9A01F3DC29A487420046B455 /* Build configuration list for PBXNativeTarget "ContactsWithRxSwift" */;
			buildPhases = (
				9A01F3C429A487400046B455 /* Sources */,
				9A01F3C529A487400046B455 /* Frameworks */,
				9A01F3C629A487400046B455 /* Resources */,
			);
			buildRules = (
			);
			dependencies = (
			);
			name = ContactsWithRxSwift;
			packageProductDependencies = (
				9A9B9F5129A48E6C001F4DAF /* SnapKit */,
				9A9B9F6029A4AED4001F4DAF /* RxCocoa */,
				9A9B9F6229A4AED4001F4DAF /* RxRelay */,
				9A9B9F6429A4AED4001F4DAF /* RxSwift */,
			);
			productName = ContactsWithRxSwift;
			productReference = 9A01F3C829A487400046B455 /* ContactsWithRxSwift.app */;
			productType = "com.apple.product-type.application";
		};
/* End PBXNativeTarget section */

/* Begin PBXProject section */
		9A01F3C029A487400046B455 /* Project object */ = {
			isa = PBXProject;
			attributes = {
				BuildIndependentTargetsInParallel = 1;
				LastSwiftUpdateCheck = 1400;
				LastUpgradeCheck = 1400;
				TargetAttributes = {
					9A01F3C729A487400046B455 = {
						CreatedOnToolsVersion = 14.0.1;
					};
				};
			};
			buildConfigurationList = 9A01F3C329A487400046B455 /* Build configuration list for PBXProject "ContactsWithRxSwift" */;
			compatibilityVersion = "Xcode 14.0";
			developmentRegion = en;
			hasScannedForEncodings = 0;
			knownRegions = (
				en,
				Base,
			);
			mainGroup = 9A01F3BF29A487400046B455;
			packageReferences = (
				9A9B9F5029A48E6C001F4DAF /* XCRemoteSwiftPackageReference "SnapKit" */,
				9A9B9F5F29A4AED4001F4DAF /* XCRemoteSwiftPackageReference "RxSwift" */,
			);
			productRefGroup = 9A01F3C929A487400046B455 /* Products */;
			projectDirPath = "";
			projectRoot = "";
			targets = (
				9A01F3C729A487400046B455 /* ContactsWithRxSwift */,
			);
		};
/* End PBXProject section */

/* Begin PBXResourcesBuildPhase section */
		9A01F3C629A487400046B455 /* Resources */ = {
			isa = PBXResourcesBuildPhase;
			buildActionMask = 2147483647;
			files = (
				9A01F3D529A487420046B455 /* Assets.xcassets in Resources */,
			);
			runOnlyForDeploymentPostprocessing = 0;
		};
/* End PBXResourcesBuildPhase section */

/* Begin PBXSourcesBuildPhase section */
		9A01F3C429A487400046B455 /* Sources */ = {
			isa = PBXSourcesBuildPhase;
			buildActionMask = 2147483647;
			files = (
				9A01F3D029A487400046B455 /* Contacts.swift in Sources */,
				9A01F3CC29A487400046B455 /* AppDelegate.swift in Sources */,
				9A9B9F4F29A48E3D001F4DAF /* TitleCell.swift in Sources */,
				9A9B9F4B29A48CED001F4DAF /* Cell.swift in Sources */,
				9A9B9F4D29A48DBB001F4DAF /* CellData.swift in Sources */,
				9A9B9F5E29A4A90C001F4DAF /* ContactsDataSource.swift in Sources */,
			);
			runOnlyForDeploymentPostprocessing = 0;
		};
/* End PBXSourcesBuildPhase section */

/* Begin XCBuildConfiguration section */
		9A01F3DA29A487420046B455 /* Debug */ = {
			isa = XCBuildConfiguration;
			buildSettings = {
				ALWAYS_SEARCH_USER_PATHS = NO;
				CLANG_ANALYZER_NONNULL = YES;
				CLANG_ANALYZER_NUMBER_OBJECT_CONVERSION = YES_AGGRESSIVE;
				CLANG_CXX_LANGUAGE_STANDARD = "gnu++20";
				CLANG_ENABLE_MODULES = YES;
				CLANG_ENABLE_OBJC_ARC = YES;
				CLANG_ENABLE_OBJC_WEAK = YES;
				CLANG_WARN_BLOCK_CAPTURE_AUTORELEASING = YES;
				CLANG_WARN_BOOL_CONVERSION = YES;
				CLANG_WARN_COMMA = YES;
				CLANG_WARN_CONSTANT_CONVERSION = YES;
				CLANG_WARN_DEPRECATED_OBJC_IMPLEMENTATIONS = YES;
				CLANG_WARN_DIRECT_OBJC_ISA_USAGE = YES_ERROR;
				CLANG_WARN_DOCUMENTATION_COMMENTS = YES;
				CLANG_WARN_EMPTY_BODY = YES;
				CLANG_WARN_ENUM_CONVERSION = YES;
				CLANG_WARN_INFINITE_RECURSION = YES;
				CLANG_WARN_INT_CONVERSION = YES;
				CLANG_WARN_NON_LITERAL_NULL_CONVERSION = YES;
				CLANG_WARN_OBJC_IMPLICIT_RETAIN_SELF = YES;
				CLANG_WARN_OBJC_LITERAL_CONVERSION = YES;
				CLANG_WARN_OBJC_ROOT_CLASS = YES_ERROR;
				CLANG_WARN_QUOTED_INCLUDE_IN_FRAMEWORK_HEADER = YES;
				CLANG_WARN_RANGE_LOOP_ANALYSIS = YES;
				CLANG_WARN_STRICT_PROTOTYPES = YES;
				CLANG_WARN_SUSPICIOUS_MOVE = YES;
				CLANG_WARN_UNGUARDED_AVAILABILITY = YES_AGGRESSIVE;
				CLANG_WARN_UNREACHABLE_CODE = YES;
				CLANG_WARN__DUPLICATE_METHOD_MATCH = YES;
				COPY_PHASE_STRIP = NO;
				DEBUG_INFORMATION_FORMAT = dwarf;
				ENABLE_STRICT_OBJC_MSGSEND = YES;
				ENABLE_TESTABILITY = YES;
				GCC_C_LANGUAGE_STANDARD = gnu11;
				GCC_DYNAMIC_NO_PIC = NO;
				GCC_NO_COMMON_BLOCKS = YES;
				GCC_OPTIMIZATION_LEVEL = 0;
				GCC_PREPROCESSOR_DEFINITIONS = (
					"DEBUG=1",
					"$(inherited)",
				);
				GCC_WARN_64_TO_32_BIT_CONVERSION = YES;
				GCC_WARN_ABOUT_RETURN_TYPE = YES_ERROR;
				GCC_WARN_UNDECLARED_SELECTOR = YES;
				GCC_WARN_UNINITIALIZED_AUTOS = YES_AGGRESSIVE;
				GCC_WARN_UNUSED_FUNCTION = YES;
				GCC_WARN_UNUSED_VARIABLE = YES;
				IPHONEOS_DEPLOYMENT_TARGET = 16.0;
				MTL_ENABLE_DEBUG_INFO = INCLUDE_SOURCE;
				MTL_FAST_MATH = YES;
				ONLY_ACTIVE_ARCH = YES;
				SDKROOT = iphoneos;
				SWIFT_ACTIVE_COMPILATION_CONDITIONS = DEBUG;
				SWIFT_OPTIMIZATION_LEVEL = "-Onone";
			};
			name = Debug;
		};
		9A01F3DB29A487420046B455 /* Release */ = {
			isa = XCBuildConfiguration;
			buildSettings = {
				ALWAYS_SEARCH_USER_PATHS = NO;
				CLANG_ANALYZER_NONNULL = YES;
				CLANG_ANALYZER_NUMBER_OBJECT_CONVERSION = YES_AGGRESSIVE;
				CLANG_CXX_LANGUAGE_STANDARD = "gnu++20";
				CLANG_ENABLE_MODULES = YES;
				CLANG_ENABLE_OBJC_ARC = YES;
				CLANG_ENABLE_OBJC_WEAK = YES;
				CLANG_WARN_BLOCK_CAPTURE_AUTORELEASING = YES;
				CLANG_WARN_BOOL_CONVERSION = YES;
				CLANG_WARN_COMMA = YES;
				CLANG_WARN_CONSTANT_CONVERSION = YES;
				CLANG_WARN_DEPRECATED_OBJC_IMPLEMENTATIONS = YES;
				CLANG_WARN_DIRECT_OBJC_ISA_USAGE = YES_ERROR;
				CLANG_WARN_DOCUMENTATION_COMMENTS = YES;
				CLANG_WARN_EMPTY_BODY = YES;
				CLANG_WARN_ENUM_CONVERSION = YES;
				CLANG_WARN_INFINITE_RECURSION = YES;
				CLANG_WARN_INT_CONVERSION = YES;
				CLANG_WARN_NON_LITERAL_NULL_CONVERSION = YES;
				CLANG_WARN_OBJC_IMPLICIT_RETAIN_SELF = YES;
				CLANG_WARN_OBJC_LITERAL_CONVERSION = YES;
				CLANG_WARN_OBJC_ROOT_CLASS = YES_ERROR;
				CLANG_WARN_QUOTED_INCLUDE_IN_FRAMEWORK_HEADER = YES;
				CLANG_WARN_RANGE_LOOP_ANALYSIS = YES;
				CLANG_WARN_STRICT_PROTOTYPES = YES;
				CLANG_WARN_SUSPICIOUS_MOVE = YES;
				CLANG_WARN_UNGUARDED_AVAILABILITY = YES_AGGRESSIVE;
				CLANG_WARN_UNREACHABLE_CODE = YES;
				CLANG_WARN__DUPLICATE_METHOD_MATCH = YES;
				COPY_PHASE_STRIP = NO;
				DEBUG_INFORMATION_FORMAT = "dwarf-with-dsym";
				ENABLE_NS_ASSERTIONS = NO;
				ENABLE_STRICT_OBJC_MSGSEND = YES;
				GCC_C_LANGUAGE_STANDARD = gnu11;
				GCC_NO_COMMON_BLOCKS = YES;
				GCC_WARN_64_TO_32_BIT_CONVERSION = YES;
				GCC_WARN_ABOUT_RETURN_TYPE = YES_ERROR;
				GCC_WARN_UNDECLARED_SELECTOR = YES;
				GCC_WARN_UNINITIALIZED_AUTOS = YES_AGGRESSIVE;
				GCC_WARN_UNUSED_FUNCTION = YES;
				GCC_WARN_UNUSED_VARIABLE = YES;
				IPHONEOS_DEPLOYMENT_TARGET = 16.0;
				MTL_ENABLE_DEBUG_INFO = NO;
				MTL_FAST_MATH = YES;
				SDKROOT = iphoneos;
				SWIFT_COMPILATION_MODE = wholemodule;
				SWIFT_OPTIMIZATION_LEVEL = "-O";
				VALIDATE_PRODUCT = YES;
			};
			name = Release;
		};
		9A01F3DD29A487420046B455 /* Debug */ = {
			isa = XCBuildConfiguration;
			buildSettings = {
				ASSETCATALOG_COMPILER_APPICON_NAME = AppIcon;
				ASSETCATALOG_COMPILER_GLOBAL_ACCENT_COLOR_NAME = AccentColor;
				CODE_SIGN_STYLE = Automatic;
				CURRENT_PROJECT_VERSION = 1;
				DEVELOPMENT_TEAM = T679MHDYUJ;
				GENERATE_INFOPLIST_FILE = YES;
				INFOPLIST_FILE = ContactsWithRxSwift/Info.plist;
				INFOPLIST_KEY_UIApplicationSupportsIndirectInputEvents = YES;
				INFOPLIST_KEY_UILaunchStoryboardName = LaunchScreen;
				INFOPLIST_KEY_UIMainStoryboardFile = "";
				INFOPLIST_KEY_UISupportedInterfaceOrientations_iPad = "UIInterfaceOrientationPortrait UIInterfaceOrientationPortraitUpsideDown UIInterfaceOrientationLandscapeLeft UIInterfaceOrientationLandscapeRight";
				INFOPLIST_KEY_UISupportedInterfaceOrientations_iPhone = "UIInterfaceOrientationPortrait UIInterfaceOrientationLandscapeLeft UIInterfaceOrientationLandscapeRight";
				LD_RUNPATH_SEARCH_PATHS = (
					"$(inherited)",
					"@executable_path/Frameworks",
				);
				MARKETING_VERSION = 1.0;
				PRODUCT_BUNDLE_IDENTIFIER = com.example.ContactsWithRxSwift;
				PRODUCT_NAME = "$(TARGET_NAME)";
				SWIFT_EMIT_LOC_STRINGS = YES;
				SWIFT_VERSION = 5.0;
				TARGETED_DEVICE_FAMILY = "1,2";
			};
			name = Debug;
		};
		9A01F3DE29A487420046B455 /* Release */ = {
			isa = XCBuildConfiguration;
			buildSettings = {
				ASSETCATALOG_COMPILER_APPICON_NAME = AppIcon;
				ASSETCATALOG_COMPILER_GLOBAL_ACCENT_COLOR_NAME = AccentColor;
				CODE_SIGN_STYLE = Automatic;
				CURRENT_PROJECT_VERSION = 1;
				DEVELOPMENT_TEAM = T679MHDYUJ;
				GENERATE_INFOPLIST_FILE = YES;
				INFOPLIST_FILE = ContactsWithRxSwift/Info.plist;
				INFOPLIST_KEY_UIApplicationSupportsIndirectInputEvents = YES;
				INFOPLIST_KEY_UILaunchStoryboardName = LaunchScreen;
				INFOPLIST_KEY_UIMainStoryboardFile = "";
				INFOPLIST_KEY_UISupportedInterfaceOrientations_iPad = "UIInterfaceOrientationPortrait UIInterfaceOrientationPortraitUpsideDown UIInterfaceOrientationLandscapeLeft UIInterfaceOrientationLandscapeRight";
				INFOPLIST_KEY_UISupportedInterfaceOrientations_iPhone = "UIInterfaceOrientationPortrait UIInterfaceOrientationLandscapeLeft UIInterfaceOrientationLandscapeRight";
				LD_RUNPATH_SEARCH_PATHS = (
					"$(inherited)",
					"@executable_path/Frameworks",
				);
				MARKETING_VERSION = 1.0;
				PRODUCT_BUNDLE_IDENTIFIER = com.example.ContactsWithRxSwift;
				PRODUCT_NAME = "$(TARGET_NAME)";
				SWIFT_EMIT_LOC_STRINGS = YES;
				SWIFT_VERSION = 5.0;
				TARGETED_DEVICE_FAMILY = "1,2";
			};
			name = Release;
		};
/* End XCBuildConfiguration section */

/* Begin XCConfigurationList section */
		9A01F3C329A487400046B455 /* Build configuration list for PBXProject "ContactsWithRxSwift" */ = {
			isa = XCConfigurationList;
			buildConfigurations = (
				9A01F3DA29A487420046B455 /* Debug */,
				9A01F3DB29A487420046B455 /* Release */,
			);
			defaultConfigurationIsVisible = 0;
			defaultConfigurationName = Release;
		};
		9A01F3DC29A487420046B455 /* Build configuration list for PBXNativeTarget "ContactsWithRxSwift" */ = {
			isa = XCConfigurationList;
			buildConfigurations = (
				9A01F3DD29A487420046B455 /* Debug */,
				9A01F3DE29A487420046B455 /* Release */,
			);
			defaultConfigurationIsVisible = 0;
			defaultConfigurationName = Release;
		};
/* End XCConfigurationList section */

/* Begin XCRemoteSwiftPackageReference section */
		9A9B9F5029A48E6C001F4DAF /* XCRemoteSwiftPackageReference "SnapKit" */ = {
			isa = XCRemoteSwiftPackageReference;
			repositoryURL = "https://github.com/SnapKit/SnapKit.git";
			requirement = {
				branch = develop;
				kind = branch;
			};
		};
		9A9B9F5F29A4AED4001F4DAF /* XCRemoteSwiftPackageReference "RxSwift" */ = {
			isa = XCRemoteSwiftPackageReference;
			repositoryURL = "https://github.com/ReactiveX/RxSwift.git";
			requirement = {
				branch = main;
				kind = branch;
			};
		};
/* End XCRemoteSwiftPackageReference section */

/* Begin XCSwiftPackageProductDependency section */
		9A9B9F5129A48E6C001F4DAF /* SnapKit */ = {
			isa = XCSwiftPackageProductDependency;
			package = 9A9B9F5029A48E6C001F4DAF /* XCRemoteSwiftPackageReference "SnapKit" */;
			productName = SnapKit;
		};
		9A9B9F6029A4AED4001F4DAF /* RxCocoa */ = {
			isa = XCSwiftPackageProductDependency;
			package = 9A9B9F5F29A4AED4001F4DAF /* XCRemoteSwiftPackageReference "RxSwift" */;
			productName = RxCocoa;
		};
		9A9B9F6229A4AED4001F4DAF /* RxRelay */ = {
			isa = XCSwiftPackageProductDependency;
			package = 9A9B9F5F29A4AED4001F4DAF /* XCRemoteSwiftPackageReference "RxSwift" */;
			productName = RxRelay;
		};
		9A9B9F6429A4AED4001F4DAF /* RxSwift */ = {
			isa = XCSwiftPackageProductDependency;
			package = 9A9B9F5F29A4AED4001F4DAF /* XCRemoteSwiftPackageReference "RxSwift" */;
			productName = RxSwift;
		};
/* End XCSwiftPackageProductDependency section */
	};
	rootObject = 9A01F3C029A487400046B455 /* Project object */;
}
